
Microsoft Visual Studio Solution File, Format Version 12.00
# Visual Studio Version 16
VisualStudioVersion = 16.0.31829.152
MinimumVisualStudioVersion = 10.0.40219.1
Project("{FAE04EC0-301F-11D3-BF4B-00C04F79EFBC}") = "Exam3_Task1", "Exam3_Task1\Exam3_Task1.csproj", "{32ED7922-F8B3-4F0B-8850-DF95F7AAFA8A}"
EndProject
Project("{FAE04EC0-301F-11D3-BF4B-00C04F79EFBC}") = "Story_BO", "Story_BO\Story_BO.csproj", "{EB9A1EDB-96E4-4FF8-8447-F746EBF630CC}"
EndProject
Global
	GlobalSection(SolutionConfigurationPlatforms) = preSolution
		Debug|Any CPU = Debug|Any CPU
		Release|Any CPU = Release|Any CPU
	EndGlobalSection
	GlobalSection(ProjectConfigurationPlatforms) = postSolution
		{32ED7922-F8B3-4F0B-8850-DF95F7AAFA8A}.Debug|Any CPU.ActiveCfg = Debug|Any CPU
		{32ED7922-F8B3-4F0B-8850-DF95F7AAFA8A}.Debug|Any CPU.Build.0 = Debug|Any CPU
		{32ED7922-F8B3-4F0B-8850-DF95F7AAFA8A}.Release|Any CPU.ActiveCfg = Release|Any CPU
		{32ED7922-F8B3-4F0B-8850-DF95F7AAFA8A}.Release|Any CPU.Build.0 = Release|Any CPU
		{EB9A1EDB-96E4-4FF8-8447-F746EBF630CC}.Debug|Any CPU.ActiveCfg = Debug|Any CPU
		{EB9A1EDB-96E4-4FF8-8447-F746EBF630CC}.Debug|Any CPU.Build.0 = Debug|Any CPU
		{EB9A1EDB-96E4-4FF8-8447-F746EBF630CC}.Release|Any CPU.ActiveCfg = Release|Any CPU
		{EB9A1EDB-96E4-4FF8-8447-F746EBF630CC}.Release|Any CPU.Build.0 = Release|Any CPU
	EndGlobalSection
	GlobalSection(SolutionProperties) = preSolution
		HideSolutionNode = FALSE
	EndGlobalSection
	GlobalSection(ExtensibilityGlobals) = postSolution
		SolutionGuid = {7B84C93C-B4F0-457C-8CC4-CE766261663C}
	EndGlobalSection
EndGlobal
